# Generated by pub
# See https://dart.dev/tools/pub/glossary#lockfile
packages:
  args:
    dependency: transitive
    description:
      name: args
      sha256: "139d809800a412ebb26a3892da228b2d0ba36f0ef5d9a82166e5e52ec8d61611"
      url: "https://pub.dev"
    source: hosted
    version: "2.3.2"
  async:
    dependency: transitive
    description:
      name: async
      sha256: bfe67ef28df125b7dddcea62755991f807aa39a2492a23e1550161692950bbe0
      url: "https://pub.dev"
    source: hosted
    version: "2.10.0"
  boolean_selector:
    dependency: transitive
    description:
      name: boolean_selector
      sha256: "6cfb5af12253eaf2b368f07bacc5a80d1301a071c73360d746b7f2e32d762c66"
      url: "https://pub.dev"
    source: hosted
    version: "2.1.1"
  bs_flutter_modal:
    dependency: "direct main"
    description:
      name: bs_flutter_modal
      sha256: a29ee8c83df35e6c861b58f1f175de6118408583357cdb9bdc5597565b49a612
      url: "https://pub.dev"
    source: hosted
    version: "1.0.6"
  bs_flutter_utils:
    dependency: transitive
    description:
      name: bs_flutter_utils
      sha256: "4d405d1a2ac8287dacb51b464ca2496a785334c75a49263e914038d600ed25ff"
      url: "https://pub.dev"
    source: hosted
    version: "1.0.2"
  characters:
    dependency: transitive
    description:
      name: characters
      sha256: e6a326c8af69605aec75ed6c187d06b349707a27fbff8222ca9cc2cff167975c
      url: "https://pub.dev"
    source: hosted
    version: "1.2.1"
  clock:
    dependency: transitive
    description:
      name: clock
      sha256: cb6d7f03e1de671e34607e909a7213e31d7752be4fb66a86d29fe1eb14bfb5cf
      url: "https://pub.dev"
    source: hosted
    version: "1.1.1"
  collection:
    dependency: transitive
    description:
      name: collection
      sha256: cfc915e6923fe5ce6e153b0723c753045de46de1b4d63771530504004a45fae0
      url: "https://pub.dev"
    source: hosted
    version: "1.17.0"
  cupertino_icons:
    dependency: "direct main"
    description:
      name: cupertino_icons
      sha256: e35129dc44c9118cee2a5603506d823bab99c68393879edb440e0090d07586be
      url: "https://pub.dev"
    source: hosted
    version: "1.0.5"
  dropdown_button2:
    dependency: transitive
    description:
      name: dropdown_button2
      sha256: "580bfe26a91e822a95d96e227ac02c1e14a7d5eea32501d0fbc6fe8d5c5606e5"
      url: "https://pub.dev"
    source: hosted
    version: "1.9.2"
  fake_async:
    dependency: transitive
    description:
      name: fake_async
      sha256: "511392330127add0b769b75a987850d136345d9227c6b94c96a04cf4a391bf78"
      url: "https://pub.dev"
    source: hosted
    version: "1.3.1"
  flutter:
    dependency: "direct main"
    description: flutter
    source: sdk
    version: "0.0.0"
  flutter_lints:
    dependency: "direct dev"
    description:
      name: flutter_lints
      sha256: aeb0b80a8b3709709c9cc496cdc027c5b3216796bc0af0ce1007eaf24464fd4c
      url: "https://pub.dev"
    source: hosted
    version: "2.0.1"
  flutter_polygon:
    dependency: "direct main"
    description:
      name: flutter_polygon
      sha256: c10c39b31c96c8ec5cd7f93bee07659e0e306f4af9d6139a30e3769acea9cc5d
      url: "https://pub.dev"
    source: hosted
    version: "0.3.0+2"
  flutter_portal:
    dependency: transitive
    description:
      name: flutter_portal
      sha256: "0e3f9428dbe9f5253b0e65cdc5ce4fa65a1d8cd6ec2a3f3770b46785aa3c57fd"
      url: "https://pub.dev"
    source: hosted
    version: "0.4.0"
  flutter_slidable:
    dependency: transitive
    description:
      name: flutter_slidable
      sha256: "90787334388211e6810065550119b015e6fd3893584641194d500bf5bc7e6235"
      url: "https://pub.dev"
    source: hosted
    version: "1.3.2"
  flutter_svg:
    dependency: "direct main"
    description:
      name: flutter_svg
      sha256: "6ff9fa12892ae074092de2fa6a9938fb21dbabfdaa2ff57dc697ff912fc8d4b2"
      url: "https://pub.dev"
    source: hosted
    version: "1.1.6"
  flutter_test:
    dependency: "direct dev"
    description: flutter
    source: sdk
    version: "0.0.0"
  flutter_web_plugins:
    dependency: transitive
    description: flutter
    source: sdk
    version: "0.0.0"
  import_sorter:
    dependency: transitive
    description:
      name: import_sorter
      sha256: eb15738ccead84e62c31e0208ea4e3104415efcd4972b86906ca64a1187d0836
      url: "https://pub.dev"
    source: hosted
    version: "4.6.0"
  intl:
    dependency: transitive
    description:
      name: intl
      sha256: "910f85bce16fb5c6f614e117efa303e85a1731bb0081edf3604a2ae6e9a3cc91"
      url: "https://pub.dev"
    source: hosted
    version: "0.17.0"
  js:
    dependency: transitive
    description:
      name: js
      sha256: "5528c2f391ededb7775ec1daa69e65a2d61276f7552de2b5f7b8d34ee9fd4ab7"
      url: "https://pub.dev"
    source: hosted
    version: "0.6.5"
  lints:
    dependency: transitive
    description:
      name: lints
      sha256: "5e4a9cd06d447758280a8ac2405101e0e2094d2a1dbdd3756aec3fe7775ba593"
      url: "https://pub.dev"
    source: hosted
    version: "2.0.1"
  matcher:
    dependency: transitive
    description:
      name: matcher
      sha256: "16db949ceee371e9b99d22f88fa3a73c4e59fd0afed0bd25fc336eb76c198b72"
      url: "https://pub.dev"
    source: hosted
    version: "0.12.13"
  material_color_utilities:
    dependency: transitive
    description:
      name: material_color_utilities
      sha256: d92141dc6fe1dad30722f9aa826c7fbc896d021d792f80678280601aff8cf724
      url: "https://pub.dev"
    source: hosted
    version: "0.2.0"
  meta:
    dependency: transitive
    description:
      name: meta
      sha256: "6c268b42ed578a53088d834796959e4a1814b5e9e164f147f580a386e5decf42"
      url: "https://pub.dev"
    source: hosted
    version: "1.8.0"
  path:
    dependency: transitive
    description:
      name: path
      sha256: db9d4f58c908a4ba5953fcee2ae317c94889433e5024c27ce74a37f94267945b
      url: "https://pub.dev"
    source: hosted
    version: "1.8.2"
  path_drawing:
    dependency: transitive
    description:
      name: path_drawing
      sha256: bbb1934c0cbb03091af082a6389ca2080345291ef07a5fa6d6e078ba8682f977
      url: "https://pub.dev"
    source: hosted
    version: "1.0.1"
  path_parsing:
    dependency: transitive
    description:
      name: path_parsing
      sha256: e3e67b1629e6f7e8100b367d3db6ba6af4b1f0bb80f64db18ef1fbabd2fa9ccf
      url: "https://pub.dev"
    source: hosted
    version: "1.0.1"
  petitparser:
    dependency: transitive
    description:
      name: petitparser
      sha256: "49392a45ced973e8d94a85fdb21293fbb40ba805fc49f2965101ae748a3683b4"
      url: "https://pub.dev"
    source: hosted
    version: "5.1.0"
  plugin_platform_interface:
    dependency: transitive
    description:
      name: plugin_platform_interface
      sha256: dbf0f707c78beedc9200146ad3cb0ab4d5da13c246336987be6940f026500d3a
      url: "https://pub.dev"
    source: hosted
    version: "2.1.3"
  ribn_toolkit:
    dependency: "direct main"
    description:
      path: "."
      ref: main
      resolved-ref: dce2dccd8d6ea005189449c4300e4be001f65797
      url: "https://github.com/Topl/ribn-toolkit"
    source: git
    version: "1.0.0+1"
  searchbar_animation:
    dependency: "direct main"
    description:
      name: searchbar_animation
      sha256: "8c9b82e666dae343f8ec34137da18f0de3f019da42691ec8b2c492ee434cc0ba"
      url: "https://pub.dev"
    source: hosted
    version: "0.0.4"
  shimmer_animation:
    dependency: transitive
    description:
      name: shimmer_animation
      sha256: "1f12d0f3fc20acbf2dcf8438b79f4268c523d55b2f3de55cf49e5bd3acbc5719"
      url: "https://pub.dev"
    source: hosted
    version: "2.1.0+1"
  sky_engine:
    dependency: transitive
    description: flutter
    source: sdk
    version: "0.0.99"
  source_span:
    dependency: transitive
    description:
      name: source_span
      sha256: dd904f795d4b4f3b870833847c461801f6750a9fa8e61ea5ac53f9422b31f250
      url: "https://pub.dev"
    source: hosted
    version: "1.9.1"
  stack_trace:
    dependency: transitive
    description:
      name: stack_trace
      sha256: c3c7d8edb15bee7f0f74debd4b9c5f3c2ea86766fe4178eb2a18eb30a0bdaed5
      url: "https://pub.dev"
    source: hosted
    version: "1.11.0"
  stacked_notification_cards:
    dependency: "direct main"
    description:
      name: stacked_notification_cards
      sha256: "8eab61679acf731315efd5011a632d6522b028f9767c165459e86081a9c262cd"
      url: "https://pub.dev"
    source: hosted
    version: "0.1.0-dev.2"
  step_progress_indicator:
    dependency: transitive
    description:
      name: step_progress_indicator
      sha256: b51bb1fcfc78454359f0658c5a2c21548c3825ebf76e826308e9ca10f383bbb8
      url: "https://pub.dev"
    source: hosted
    version: "1.0.2"
  steps_indicator:
    dependency: transitive
    description:
      name: steps_indicator
      sha256: a6e55fae97f29db3df2b8bed77d55ead127f16ffa024e0fe0234b5d71eddffa1
      url: "https://pub.dev"
    source: hosted
    version: "1.3.0"
  stream_channel:
    dependency: transitive
    description:
      name: stream_channel
      sha256: "83615bee9045c1d322bbbd1ba209b7a749c2cbcdcb3fdd1df8eb488b3279c1c8"
      url: "https://pub.dev"
    source: hosted
    version: "2.1.1"
  string_scanner:
    dependency: transitive
    description:
      name: string_scanner
      sha256: "556692adab6cfa87322a115640c11f13cb77b3f076ddcc5d6ae3c20242bedcde"
      url: "https://pub.dev"
    source: hosted
    version: "1.2.0"
  term_glyph:
    dependency: transitive
    description:
      name: term_glyph
      sha256: a29248a84fbb7c79282b40b8c72a1209db169a2e0542bce341da992fe1bc7e84
      url: "https://pub.dev"
    source: hosted
    version: "1.2.1"
  test_api:
    dependency: transitive
    description:
      name: test_api
      sha256: ad540f65f92caa91bf21dfc8ffb8c589d6e4dc0c2267818b4cc2792857706206
      url: "https://pub.dev"
    source: hosted
    version: "0.4.16"
  tint:
    dependency: transitive
    description:
      name: tint
      sha256: d856019547532d4ea24171f554b319081c004c37741e7946eae30cb09f24e1c7
      url: "https://pub.dev"
    source: hosted
    version: "2.0.0"
  url_launcher:
    dependency: transitive
    description:
      name: url_launcher
      sha256: "698fa0b4392effdc73e9e184403b627362eb5fbf904483ac9defbb1c2191d809"
      url: "https://pub.dev"
    source: hosted
    version: "6.1.8"
  url_launcher_android:
    dependency: transitive
    description:
      name: url_launcher_android
      sha256: "3e2f6dfd2c7d9cd123296cab8ef66cfc2c1a13f5845f42c7a0f365690a8a7dd1"
      url: "https://pub.dev"
    source: hosted
    version: "6.0.23"
  url_launcher_ios:
    dependency: transitive
    description:
      name: url_launcher_ios
      sha256: bb328b24d3bccc20bdf1024a0990ac4f869d57663660de9c936fb8c043edefe3
      url: "https://pub.dev"
    source: hosted
    version: "6.0.18"
  url_launcher_linux:
    dependency: transitive
    description:
      name: url_launcher_linux
      sha256: "318c42cba924e18180c029be69caf0a1a710191b9ec49bb42b5998fdcccee3cc"
      url: "https://pub.dev"
    source: hosted
    version: "3.0.2"
  url_launcher_macos:
    dependency: transitive
    description:
      name: url_launcher_macos
      sha256: "41988b55570df53b3dd2a7fc90c76756a963de6a8c5f8e113330cb35992e2094"
      url: "https://pub.dev"
    source: hosted
    version: "3.0.2"
  url_launcher_platform_interface:
    dependency: transitive
    description:
      name: url_launcher_platform_interface
      sha256: "4eae912628763eb48fc214522e58e942fd16ce195407dbf45638239523c759a6"
      url: "https://pub.dev"
    source: hosted
    version: "2.1.1"
  url_launcher_web:
    dependency: transitive
    description:
      name: url_launcher_web
      sha256: "44d79408ce9f07052095ef1f9a693c258d6373dc3944249374e30eff7219ccb0"
      url: "https://pub.dev"
    source: hosted
    version: "2.0.14"
  url_launcher_windows:
    dependency: transitive
    description:
      name: url_launcher_windows
      sha256: b6217370f8eb1fd85c8890c539f5a639a01ab209a36db82c921ebeacefc7a615
      url: "https://pub.dev"
    source: hosted
    version: "3.0.3"
  vector_math:
    dependency: transitive
    description:
      name: vector_math
      sha256: "80b3257d1492ce4d091729e3a67a60407d227c27241d6927be0130c98e741803"
      url: "https://pub.dev"
    source: hosted
    version: "2.1.4"
  wave:
    dependency: transitive
    description:
      name: wave
      sha256: "01ebccb4caa9b150cbe4763aa2a23501bb582843a1f96281868bbb23cb4db1f9"
      url: "https://pub.dev"
    source: hosted
    version: "0.2.2"
  xml:
    dependency: transitive
    description:
      name: xml
      sha256: ac0e3f4bf00ba2708c33fbabbbe766300e509f8c82dbd4ab6525039813f7e2fb
      url: "https://pub.dev"
    source: hosted
    version: "6.1.0"
  yaml:
    dependency: transitive
    description:
      name: yaml
      sha256: "23812a9b125b48d4007117254bca50abb6c712352927eece9e155207b1db2370"
      url: "https://pub.dev"
    source: hosted
    version: "3.1.1"
sdks:
  dart: ">=2.19.0-146.2.beta <3.0.0"
  flutter: ">=3.0.0"
